// !$*UTF8*$!
{
	archiveVersion = 1;
	classes = {
	};
	objectVersion = 56;
	objects = {

/* Begin PBXBuildFile section */
		D42745992AD8B7F7005AEA7E /* Timeline.swift in Sources */ = {isa = PBXBuildFile; fileRef = D42745982AD8B7F7005AEA7E /* Timeline.swift */; };
		D427459B2AD8B984005AEA7E /* Haptics.swift in Sources */ = {isa = PBXBuildFile; fileRef = D427459A2AD8B984005AEA7E /* Haptics.swift */; };
		D44BB3502AD736A50009AC4F /* FilmFXApp.swift in Sources */ = {isa = PBXBuildFile; fileRef = D44BB34F2AD736A50009AC4F /* FilmFXApp.swift */; };
		D44BB3522AD736A50009AC4F /* ContentView.swift in Sources */ = {isa = PBXBuildFile; fileRef = D44BB3512AD736A50009AC4F /* ContentView.swift */; };
		D44BB3542AD736A60009AC4F /* Assets.xcassets in Resources */ = {isa = PBXBuildFile; fileRef = D44BB3532AD736A60009AC4F /* Assets.xcassets */; };
		D44BB3572AD736A60009AC4F /* Preview Assets.xcassets in Resources */ = {isa = PBXBuildFile; fileRef = D44BB3562AD736A60009AC4F /* Preview Assets.xcassets */; };
		D44BB35F2AD737080009AC4F /* ViewFinder.swift in Sources */ = {isa = PBXBuildFile; fileRef = D44BB35E2AD737080009AC4F /* ViewFinder.swift */; };
		D455DDFF2AD74BC6003C5EFE /* SafeArea.swift in Sources */ = {isa = PBXBuildFile; fileRef = D455DDFE2AD74BC6003C5EFE /* SafeArea.swift */; };
		D4A798E42AD88EF4009E6733 /* ZoomAndPanView.swift in Sources */ = {isa = PBXBuildFile; fileRef = D4A798E32AD88EF4009E6733 /* ZoomAndPanView.swift */; };
		D4A798E72AD88F0F009E6733 /* FrameRectangle.swift in Sources */ = {isa = PBXBuildFile; fileRef = D4A798E62AD88F0F009E6733 /* FrameRectangle.swift */; };
		D4A798EB2AD89793009E6733 /* ButtonStyles.swift in Sources */ = {isa = PBXBuildFile; fileRef = D4A798EA2AD89793009E6733 /* ButtonStyles.swift */; };
/* End PBXBuildFile section */

/* Begin PBXFileReference section */
		D42745982AD8B7F7005AEA7E /* Timeline.swift */ = {isa = PBXFileReference; lastKnownFileType = sourcecode.swift; path = Timeline.swift; sourceTree = "<group>"; };
		D427459A2AD8B984005AEA7E /* Haptics.swift */ = {isa = PBXFileReference; lastKnownFileType = sourcecode.swift; path = Haptics.swift; sourceTree = "<group>"; };
		D44BB34C2AD736A50009AC4F /* FilmFX.app */ = {isa = PBXFileReference; explicitFileType = wrapper.application; includeInIndex = 0; path = FilmFX.app; sourceTree = BUILT_PRODUCTS_DIR; };
		D44BB34F2AD736A50009AC4F /* FilmFXApp.swift */ = {isa = PBXFileReference; lastKnownFileType = sourcecode.swift; path = FilmFXApp.swift; sourceTree = "<group>"; };
		D44BB3512AD736A50009AC4F /* ContentView.swift */ = {isa = PBXFileReference; lastKnownFileType = sourcecode.swift; path = ContentView.swift; sourceTree = "<group>"; };
		D44BB3532AD736A60009AC4F /* Assets.xcassets */ = {isa = PBXFileReference; lastKnownFileType = folder.assetcatalog; path = Assets.xcassets; sourceTree = "<group>"; };
		D44BB3562AD736A60009AC4F /* Preview Assets.xcassets */ = {isa = PBXFileReference; lastKnownFileType = folder.assetcatalog; path = "Preview Assets.xcassets"; sourceTree = "<group>"; };
		D44BB35E2AD737080009AC4F /* ViewFinder.swift */ = {isa = PBXFileReference; lastKnownFileType = sourcecode.swift; path = ViewFinder.swift; sourceTree = "<group>"; };
		D455DDFE2AD74BC6003C5EFE /* SafeArea.swift */ = {isa = PBXFileReference; lastKnownFileType = sourcecode.swift; path = SafeArea.swift; sourceTree = "<group>"; };
		D4A798E32AD88EF4009E6733 /* ZoomAndPanView.swift */ = {isa = PBXFileReference; lastKnownFileType = sourcecode.swift; path = ZoomAndPanView.swift; sourceTree = "<group>"; };
		D4A798E62AD88F0F009E6733 /* FrameRectangle.swift */ = {isa = PBXFileReference; lastKnownFileType = sourcecode.swift; path = FrameRectangle.swift; sourceTree = "<group>"; };
		D4A798EA2AD89793009E6733 /* ButtonStyles.swift */ = {isa = PBXFileReference; lastKnownFileType = sourcecode.swift; path = ButtonStyles.swift; sourceTree = "<group>"; };
/* End PBXFileReference section */

/* Begin PBXFrameworksBuildPhase section */
		D44BB3492AD736A50009AC4F /* Frameworks */ = {
			isa = PBXFrameworksBuildPhase;
			buildActionMask = 2147483647;
			files = (
			);
			runOnlyForDeploymentPostprocessing = 0;
		};
/* End PBXFrameworksBuildPhase section */

/* Begin PBXGroup section */
		D44BB3432AD736A50009AC4F = {
			isa = PBXGroup;
			children = (
				D44BB34E2AD736A50009AC4F /* FilmFX */,
				D44BB34D2AD736A50009AC4F /* Products */,
			);
			sourceTree = "<group>";
		};
		D44BB34D2AD736A50009AC4F /* Products */ = {
			isa = PBXGroup;
			children = (
				D44BB34C2AD736A50009AC4F /* FilmFX.app */,
			);
			name = Products;
			sourceTree = "<group>";
		};
		D44BB34E2AD736A50009AC4F /* FilmFX */ = {
			isa = PBXGroup;
			children = (
				D44BB34F2AD736A50009AC4F /* FilmFXApp.swift */,
				D44BB3512AD736A50009AC4F /* ContentView.swift */,
				D44BB35D2AD737010009AC4F /* Views */,
				D44BB3532AD736A60009AC4F /* Assets.xcassets */,
				D44BB3552AD736A60009AC4F /* Preview Content */,
				D455DDFE2AD74BC6003C5EFE /* SafeArea.swift */,
				D427459A2AD8B984005AEA7E /* Haptics.swift */,
				D4A798EA2AD89793009E6733 /* ButtonStyles.swift */,
			);
			path = FilmFX;
			sourceTree = "<group>";
		};
		D44BB3552AD736A60009AC4F /* Preview Content */ = {
			isa = PBXGroup;
			children = (
				D44BB3562AD736A60009AC4F /* Preview Assets.xcassets */,
			);
			path = "Preview Content";
			sourceTree = "<group>";
		};
		D44BB35D2AD737010009AC4F /* Views */ = {
			isa = PBXGroup;
			children = (
				D4A798E52AD88F02009E6733 /* Elements */,
				D44BB35E2AD737080009AC4F /* ViewFinder.swift */,
				D42745982AD8B7F7005AEA7E /* Timeline.swift */,
				D4A798E32AD88EF4009E6733 /* ZoomAndPanView.swift */,
			);
			path = Views;
			sourceTree = "<group>";
		};
		D4A798E52AD88F02009E6733 /* Elements */ = {
			isa = PBXGroup;
			children = (
				D4A798E62AD88F0F009E6733 /* FrameRectangle.swift */,
			);
			path = Elements;
			sourceTree = "<group>";
		};
/* End PBXGroup section */

/* Begin PBXNativeTarget section */
		D44BB34B2AD736A50009AC4F /* FilmFX */ = {
			isa = PBXNativeTarget;
			buildConfigurationList = D44BB35A2AD736A60009AC4F /* Build configuration list for PBXNativeTarget "FilmFX" */;
			buildPhases = (
				D44BB3482AD736A50009AC4F /* Sources */,
				D44BB3492AD736A50009AC4F /* Frameworks */,
				D44BB34A2AD736A50009AC4F /* Resources */,
			);
			buildRules = (
			);
			dependencies = (
			);
			name = FilmFX;
			productName = FilmFX;
			productReference = D44BB34C2AD736A50009AC4F /* FilmFX.app */;
			productType = "com.apple.product-type.application";
		};
/* End PBXNativeTarget section */

/* Begin PBXProject section */
		D44BB3442AD736A50009AC4F /* Project object */ = {
			isa = PBXProject;
			attributes = {
				BuildIndependentTargetsInParallel = 1;
				LastSwiftUpdateCheck = 1510;
				LastUpgradeCheck = 1510;
				TargetAttributes = {
					D44BB34B2AD736A50009AC4F = {
						CreatedOnToolsVersion = 15.1;
					};
				};
			};
			buildConfigurationList = D44BB3472AD736A50009AC4F /* Build configuration list for PBXProject "FilmFX" */;
			compatibilityVersion = "Xcode 14.0";
			developmentRegion = en;
			hasScannedForEncodings = 0;
			knownRegions = (
				en,
				Base,
			);
			mainGroup = D44BB3432AD736A50009AC4F;
			productRefGroup = D44BB34D2AD736A50009AC4F /* Products */;
			projectDirPath = "";
			projectRoot = "";
			targets = (
				D44BB34B2AD736A50009AC4F /* FilmFX */,
			);
		};
/* End PBXProject section */

/* Begin PBXResourcesBuildPhase section */
		D44BB34A2AD736A50009AC4F /* Resources */ = {
			isa = PBXResourcesBuildPhase;
			buildActionMask = 2147483647;
			files = (
				D44BB3572AD736A60009AC4F /* Preview Assets.xcassets in Resources */,
				D44BB3542AD736A60009AC4F /* Assets.xcassets in Resources */,
			);
			runOnlyForDeploymentPostprocessing = 0;
		};
/* End PBXResourcesBuildPhase section */

/* Begin PBXSourcesBuildPhase section */
		D44BB3482AD736A50009AC4F /* Sources */ = {
			isa = PBXSourcesBuildPhase;
			buildActionMask = 2147483647;
			files = (
				D427459B2AD8B984005AEA7E /* Haptics.swift in Sources */,
				D42745992AD8B7F7005AEA7E /* Timeline.swift in Sources */,
				D44BB35F2AD737080009AC4F /* ViewFinder.swift in Sources */,
				D455DDFF2AD74BC6003C5EFE /* SafeArea.swift in Sources */,
				D44BB3522AD736A50009AC4F /* ContentView.swift in Sources */,
				D44BB3502AD736A50009AC4F /* FilmFXApp.swift in Sources */,
				D4A798EB2AD89793009E6733 /* ButtonStyles.swift in Sources */,
				D4A798E42AD88EF4009E6733 /* ZoomAndPanView.swift in Sources */,
				D4A798E72AD88F0F009E6733 /* FrameRectangle.swift in Sources */,
			);
			runOnlyForDeploymentPostprocessing = 0;
		};
/* End PBXSourcesBuildPhase section */

/* Begin XCBuildConfiguration section */
		D44BB3582AD736A60009AC4F /* Debug */ = {
			isa = XCBuildConfiguration;
			buildSettings = {
				ALWAYS_SEARCH_USER_PATHS = NO;
				ASSETCATALOG_COMPILER_GENERATE_SWIFT_ASSET_SYMBOL_EXTENSIONS = YES;
				CLANG_ANALYZER_NONNULL = YES;
				CLANG_ANALYZER_NUMBER_OBJECT_CONVERSION = YES_AGGRESSIVE;
				CLANG_CXX_LANGUAGE_STANDARD = "gnu++20";
				CLANG_ENABLE_MODULES = YES;
				CLANG_ENABLE_OBJC_ARC = YES;
				CLANG_ENABLE_OBJC_WEAK = YES;
				CLANG_WARN_BLOCK_CAPTURE_AUTORELEASING = YES;
				CLANG_WARN_BOOL_CONVERSION = YES;
				CLANG_WARN_COMMA = YES;
				CLANG_WARN_CONSTANT_CONVERSION = YES;
				CLANG_WARN_DEPRECATED_OBJC_IMPLEMENTATIONS = YES;
				CLANG_WARN_DIRECT_OBJC_ISA_USAGE = YES_ERROR;
				CLANG_WARN_DOCUMENTATION_COMMENTS = YES;
				CLANG_WARN_EMPTY_BODY = YES;
				CLANG_WARN_ENUM_CONVERSION = YES;
				CLANG_WARN_INFINITE_RECURSION = YES;
				CLANG_WARN_INT_CONVERSION = YES;
				CLANG_WARN_NON_LITERAL_NULL_CONVERSION = YES;
				CLANG_WARN_OBJC_IMPLICIT_RETAIN_SELF = YES;
				CLANG_WARN_OBJC_LITERAL_CONVERSION = YES;
				CLANG_WARN_OBJC_ROOT_CLASS = YES_ERROR;
				CLANG_WARN_QUOTED_INCLUDE_IN_FRAMEWORK_HEADER = YES;
				CLANG_WARN_RANGE_LOOP_ANALYSIS = YES;
				CLANG_WARN_STRICT_PROTOTYPES = YES;
				CLANG_WARN_SUSPICIOUS_MOVE = YES;
				CLANG_WARN_UNGUARDED_AVAILABILITY = YES_AGGRESSIVE;
				CLANG_WARN_UNREACHABLE_CODE = YES;
				CLANG_WARN__DUPLICATE_METHOD_MATCH = YES;
				COPY_PHASE_STRIP = NO;
				DEBUG_INFORMATION_FORMAT = dwarf;
				ENABLE_STRICT_OBJC_MSGSEND = YES;
				ENABLE_TESTABILITY = YES;
				ENABLE_USER_SCRIPT_SANDBOXING = YES;
				GCC_C_LANGUAGE_STANDARD = gnu17;
				GCC_DYNAMIC_NO_PIC = NO;
				GCC_NO_COMMON_BLOCKS = YES;
				GCC_OPTIMIZATION_LEVEL = 0;
				GCC_PREPROCESSOR_DEFINITIONS = (
					"DEBUG=1",
					"$(inherited)",
				);
				GCC_WARN_64_TO_32_BIT_CONVERSION = YES;
				GCC_WARN_ABOUT_RETURN_TYPE = YES_ERROR;
				GCC_WARN_UNDECLARED_SELECTOR = YES;
				GCC_WARN_UNINITIALIZED_AUTOS = YES_AGGRESSIVE;
				GCC_WARN_UNUSED_FUNCTION = YES;
				GCC_WARN_UNUSED_VARIABLE = YES;
				IPHONEOS_DEPLOYMENT_TARGET = 17.0;
				LOCALIZATION_PREFERS_STRING_CATALOGS = YES;
				MTL_ENABLE_DEBUG_INFO = INCLUDE_SOURCE;
				MTL_FAST_MATH = YES;
				ONLY_ACTIVE_ARCH = YES;
				SDKROOT = iphoneos;
				SWIFT_ACTIVE_COMPILATION_CONDITIONS = "DEBUG $(inherited)";
				SWIFT_OPTIMIZATION_LEVEL = "-Onone";
			};
			name = Debug;
		};
		D44BB3592AD736A60009AC4F /* Release */ = {
			isa = XCBuildConfiguration;
			buildSettings = {
				ALWAYS_SEARCH_USER_PATHS = NO;
				ASSETCATALOG_COMPILER_GENERATE_SWIFT_ASSET_SYMBOL_EXTENSIONS = YES;
				CLANG_ANALYZER_NONNULL = YES;
				CLANG_ANALYZER_NUMBER_OBJECT_CONVERSION = YES_AGGRESSIVE;
				CLANG_CXX_LANGUAGE_STANDARD = "gnu++20";
				CLANG_ENABLE_MODULES = YES;
				CLANG_ENABLE_OBJC_ARC = YES;
				CLANG_ENABLE_OBJC_WEAK = YES;
				CLANG_WARN_BLOCK_CAPTURE_AUTORELEASING = YES;
				CLANG_WARN_BOOL_CONVERSION = YES;
				CLANG_WARN_COMMA = YES;
				CLANG_WARN_CONSTANT_CONVERSION = YES;
				CLANG_WARN_DEPRECATED_OBJC_IMPLEMENTATIONS = YES;
				CLANG_WARN_DIRECT_OBJC_ISA_USAGE = YES_ERROR;
				CLANG_WARN_DOCUMENTATION_COMMENTS = YES;
				CLANG_WARN_EMPTY_BODY = YES;
				CLANG_WARN_ENUM_CONVERSION = YES;
				CLANG_WARN_INFINITE_RECURSION = YES;
				CLANG_WARN_INT_CONVERSION = YES;
				CLANG_WARN_NON_LITERAL_NULL_CONVERSION = YES;
				CLANG_WARN_OBJC_IMPLICIT_RETAIN_SELF = YES;
				CLANG_WARN_OBJC_LITERAL_CONVERSION = YES;
				CLANG_WARN_OBJC_ROOT_CLASS = YES_ERROR;
				CLANG_WARN_QUOTED_INCLUDE_IN_FRAMEWORK_HEADER = YES;
				CLANG_WARN_RANGE_LOOP_ANALYSIS = YES;
				CLANG_WARN_STRICT_PROTOTYPES = YES;
				CLANG_WARN_SUSPICIOUS_MOVE = YES;
				CLANG_WARN_UNGUARDED_AVAILABILITY = YES_AGGRESSIVE;
				CLANG_WARN_UNREACHABLE_CODE = YES;
				CLANG_WARN__DUPLICATE_METHOD_MATCH = YES;
				COPY_PHASE_STRIP = NO;
				DEBUG_INFORMATION_FORMAT = "dwarf-with-dsym";
				ENABLE_NS_ASSERTIONS = NO;
				ENABLE_STRICT_OBJC_MSGSEND = YES;
				ENABLE_USER_SCRIPT_SANDBOXING = YES;
				GCC_C_LANGUAGE_STANDARD = gnu17;
				GCC_NO_COMMON_BLOCKS = YES;
				GCC_WARN_64_TO_32_BIT_CONVERSION = YES;
				GCC_WARN_ABOUT_RETURN_TYPE = YES_ERROR;
				GCC_WARN_UNDECLARED_SELECTOR = YES;
				GCC_WARN_UNINITIALIZED_AUTOS = YES_AGGRESSIVE;
				GCC_WARN_UNUSED_FUNCTION = YES;
				GCC_WARN_UNUSED_VARIABLE = YES;
				IPHONEOS_DEPLOYMENT_TARGET = 17.0;
				LOCALIZATION_PREFERS_STRING_CATALOGS = YES;
				MTL_ENABLE_DEBUG_INFO = NO;
				MTL_FAST_MATH = YES;
				SDKROOT = iphoneos;
				SWIFT_COMPILATION_MODE = wholemodule;
				VALIDATE_PRODUCT = YES;
			};
			name = Release;
		};
		D44BB35B2AD736A60009AC4F /* Debug */ = {
			isa = XCBuildConfiguration;
			buildSettings = {
				ASSETCATALOG_COMPILER_APPICON_NAME = AppIcon;
				ASSETCATALOG_COMPILER_GLOBAL_ACCENT_COLOR_NAME = AccentColor;
				CODE_SIGN_STYLE = Automatic;
				CURRENT_PROJECT_VERSION = 1;
				DEVELOPMENT_ASSET_PATHS = "\"FilmFX/Preview Content\"";
				DEVELOPMENT_TEAM = C4DBP4HKWQ;
				ENABLE_PREVIEWS = YES;
				GENERATE_INFOPLIST_FILE = YES;
				INFOPLIST_KEY_UIApplicationSceneManifest_Generation = YES;
				INFOPLIST_KEY_UIApplicationSupportsIndirectInputEvents = YES;
				INFOPLIST_KEY_UILaunchScreen_Generation = YES;
				INFOPLIST_KEY_UISupportedInterfaceOrientations_iPad = "UIInterfaceOrientationPortrait UIInterfaceOrientationPortraitUpsideDown UIInterfaceOrientationLandscapeLeft UIInterfaceOrientationLandscapeRight";
				INFOPLIST_KEY_UISupportedInterfaceOrientations_iPhone = "UIInterfaceOrientationPortrait UIInterfaceOrientationLandscapeLeft UIInterfaceOrientationLandscapeRight";
				LD_RUNPATH_SEARCH_PATHS = (
					"$(inherited)",
					"@executable_path/Frameworks",
				);
				MARKETING_VERSION = 1.0;
				PRODUCT_BUNDLE_IDENTIFIER = com.polarizz.FilmFX;
				PRODUCT_NAME = "$(TARGET_NAME)";
				SUPPORTED_PLATFORMS = "iphoneos iphonesimulator";
				SUPPORTS_MACCATALYST = NO;
				SUPPORTS_XR_DESIGNED_FOR_IPHONE_IPAD = NO;
				SWIFT_EMIT_LOC_STRINGS = YES;
				SWIFT_VERSION = 5.0;
				TARGETED_DEVICE_FAMILY = "1,2";
			};
			name = Debug;
		};
		D44BB35C2AD736A60009AC4F /* Release */ = {
			isa = XCBuildConfiguration;
			buildSettings = {
				ASSETCATALOG_COMPILER_APPICON_NAME = AppIcon;
				ASSETCATALOG_COMPILER_GLOBAL_ACCENT_COLOR_NAME = AccentColor;
				CODE_SIGN_STYLE = Automatic;
				CURRENT_PROJECT_VERSION = 1;
				DEVELOPMENT_ASSET_PATHS = "\"FilmFX/Preview Content\"";
				DEVELOPMENT_TEAM = C4DBP4HKWQ;
				ENABLE_PREVIEWS = YES;
				GENERATE_INFOPLIST_FILE = YES;
				INFOPLIST_KEY_UIApplicationSceneManifest_Generation = YES;
				INFOPLIST_KEY_UIApplicationSupportsIndirectInputEvents = YES;
				INFOPLIST_KEY_UILaunchScreen_Generation = YES;
				INFOPLIST_KEY_UISupportedInterfaceOrientations_iPad = "UIInterfaceOrientationPortrait UIInterfaceOrientationPortraitUpsideDown UIInterfaceOrientationLandscapeLeft UIInterfaceOrientationLandscapeRight";
				INFOPLIST_KEY_UISupportedInterfaceOrientations_iPhone = "UIInterfaceOrientationPortrait UIInterfaceOrientationLandscapeLeft UIInterfaceOrientationLandscapeRight";
				LD_RUNPATH_SEARCH_PATHS = (
					"$(inherited)",
					"@executable_path/Frameworks",
				);
				MARKETING_VERSION = 1.0;
				PRODUCT_BUNDLE_IDENTIFIER = com.polarizz.FilmFX;
				PRODUCT_NAME = "$(TARGET_NAME)";
				SUPPORTED_PLATFORMS = "iphoneos iphonesimulator";
				SUPPORTS_MACCATALYST = NO;
				SUPPORTS_XR_DESIGNED_FOR_IPHONE_IPAD = NO;
				SWIFT_EMIT_LOC_STRINGS = YES;
				SWIFT_VERSION = 5.0;
				TARGETED_DEVICE_FAMILY = "1,2";
			};
			name = Release;
		};
/* End XCBuildConfiguration section */

/* Begin XCConfigurationList section */
		D44BB3472AD736A50009AC4F /* Build configuration list for PBXProject "FilmFX" */ = {
			isa = XCConfigurationList;
			buildConfigurations = (
				D44BB3582AD736A60009AC4F /* Debug */,
				D44BB3592AD736A60009AC4F /* Release */,
			);
			defaultConfigurationIsVisible = 0;
			defaultConfigurationName = Release;
		};
		D44BB35A2AD736A60009AC4F /* Build configuration list for PBXNativeTarget "FilmFX" */ = {
			isa = XCConfigurationList;
			buildConfigurations = (
				D44BB35B2AD736A60009AC4F /* Debug */,
				D44BB35C2AD736A60009AC4F /* Release */,
			);
			defaultConfigurationIsVisible = 0;
			defaultConfigurationName = Release;
		};
/* End XCConfigurationList section */
	};
	rootObject = D44BB3442AD736A50009AC4F /* Project object */;
}
